// !$*UTF8*$!
{
	archiveVersion = 1;
	classes = {
	};
	objectVersion = 46;
	objects = {

/* Begin PBXBuildFile section */
		392328971D1A760C00822D53 /* AppDelegate.swift in Sources */ = {isa = PBXBuildFile; fileRef = 392328961D1A760C00822D53 /* AppDelegate.swift */; };
		3923289E1D1A760C00822D53 /* Assets.xcassets in Resources */ = {isa = PBXBuildFile; fileRef = 3923289D1D1A760C00822D53 /* Assets.xcassets */; };
		392328A11D1A760C00822D53 /* LaunchScreen.storyboard in Resources */ = {isa = PBXBuildFile; fileRef = 3923289F1D1A760C00822D53 /* LaunchScreen.storyboard */; };
		392328AC1D1A760C00822D53 /* GroupTallTests.swift in Sources */ = {isa = PBXBuildFile; fileRef = 392328AB1D1A760C00822D53 /* GroupTallTests.swift */; };
		392328B71D1A760C00822D53 /* GroupTallUITests.swift in Sources */ = {isa = PBXBuildFile; fileRef = 392328B61D1A760C00822D53 /* GroupTallUITests.swift */; };
		392328C51D1A76AD00822D53 /* BmobSDK.framework in Frameworks */ = {isa = PBXBuildFile; fileRef = 392328C41D1A76AD00822D53 /* BmobSDK.framework */; };
		392328C71D1A76D700822D53 /* CoreLocation.framework in Frameworks */ = {isa = PBXBuildFile; fileRef = 392328C61D1A76D700822D53 /* CoreLocation.framework */; };
		392328C91D1A76E300822D53 /* Security.framework in Frameworks */ = {isa = PBXBuildFile; fileRef = 392328C81D1A76E300822D53 /* Security.framework */; };
		392328CB1D1A76F900822D53 /* CoreGraphics.framework in Frameworks */ = {isa = PBXBuildFile; fileRef = 392328CA1D1A76F800822D53 /* CoreGraphics.framework */; };
		392328CD1D1A770100822D53 /* MobileCoreServices.framework in Frameworks */ = {isa = PBXBuildFile; fileRef = 392328CC1D1A770100822D53 /* MobileCoreServices.framework */; };
		392328CF1D1A770C00822D53 /* CFNetwork.framework in Frameworks */ = {isa = PBXBuildFile; fileRef = 392328CE1D1A770C00822D53 /* CFNetwork.framework */; };
		392328D11D1A771800822D53 /* CoreTelephony.framework in Frameworks */ = {isa = PBXBuildFile; fileRef = 392328D01D1A771800822D53 /* CoreTelephony.framework */; };
		392328D31D1A772300822D53 /* SystemConfiguration.framework in Frameworks */ = {isa = PBXBuildFile; fileRef = 392328D21D1A772300822D53 /* SystemConfiguration.framework */; };
		392328D51D1A772E00822D53 /* libz.1.2.5.tbd in Frameworks */ = {isa = PBXBuildFile; fileRef = 392328D41D1A772E00822D53 /* libz.1.2.5.tbd */; };
		392328D71D1A773E00822D53 /* libicucore.tbd in Frameworks */ = {isa = PBXBuildFile; fileRef = 392328D61D1A773E00822D53 /* libicucore.tbd */; };
		392328D91D1A774800822D53 /* libsqlite3.tbd in Frameworks */ = {isa = PBXBuildFile; fileRef = 392328D81D1A774800822D53 /* libsqlite3.tbd */; };
		397AAF221D4C6D4000EF2CC8 /* User.swift in Sources */ = {isa = PBXBuildFile; fileRef = 397AAF211D4C6D4000EF2CC8 /* User.swift */; };
		AF3E5FBF1D4B521E00A17796 /* LoginViewController.swift in Sources */ = {isa = PBXBuildFile; fileRef = AF3E5FBE1D4B521E00A17796 /* LoginViewController.swift */; };
		AF3E5FC11D4B523F00A17796 /* RegisterViewController.swift in Sources */ = {isa = PBXBuildFile; fileRef = AF3E5FC01D4B523F00A17796 /* RegisterViewController.swift */; };
		AF3E5FC91D4C8AEC00A17796 /* BmobController.swift in Sources */ = {isa = PBXBuildFile; fileRef = AF3E5FC81D4C8AEC00A17796 /* BmobController.swift */; };
		AF422EC41D4B491200AA731B /* Main.storyboard in Resources */ = {isa = PBXBuildFile; fileRef = AF422EC31D4B491200AA731B /* Main.storyboard */; };
		AF6C3BCF1D4DDF1A0062DD38 /* login_back.png in Resources */ = {isa = PBXBuildFile; fileRef = AF6C3BCE1D4DDF1A0062DD38 /* login_back.png */; };
		AF6EBD971D4EDC5B00DDBF53 /* TabbarViewController.swift in Sources */ = {isa = PBXBuildFile; fileRef = AF6EBD961D4EDC5B00DDBF53 /* TabbarViewController.swift */; };
		AF6EBD991D4EE1A100DDBF53 /* HomeViewController.swift in Sources */ = {isa = PBXBuildFile; fileRef = AF6EBD981D4EE1A100DDBF53 /* HomeViewController.swift */; };
		AF6EBD9B1D4EE64200DDBF53 /* MeViewController.swift in Sources */ = {isa = PBXBuildFile; fileRef = AF6EBD9A1D4EE64200DDBF53 /* MeViewController.swift */; };
		AF6EBD9D1D4EF46000DDBF53 /* BmobIMSDK.framework in Frameworks */ = {isa = PBXBuildFile; fileRef = AF6EBD9C1D4EF46000DDBF53 /* BmobIMSDK.framework */; };
		AF9ACFA41D50A25E00D2069B /* Photos.framework in Frameworks */ = {isa = PBXBuildFile; fileRef = AF9ACFA31D50A25E00D2069B /* Photos.framework */; };
		AF9ACFA61D50A26600D2069B /* UIKit.framework in Frameworks */ = {isa = PBXBuildFile; fileRef = AF9ACFA51D50A26600D2069B /* UIKit.framework */; };
		AF9ACFA81D50A27300D2069B /* QuartzCore.framework in Frameworks */ = {isa = PBXBuildFile; fileRef = AF9ACFA71D50A27300D2069B /* QuartzCore.framework */; };
		AF9ACFAA1D50A27D00D2069B /* OpenGLES.framework in Frameworks */ = {isa = PBXBuildFile; fileRef = AF9ACFA91D50A27D00D2069B /* OpenGLES.framework */; };
		AF9ACFAC1D50A28500D2069B /* MapKit.framework in Frameworks */ = {isa = PBXBuildFile; fileRef = AF9ACFAB1D50A28500D2069B /* MapKit.framework */; };
		AF9ACFAE1D50A28F00D2069B /* libz.tbd in Frameworks */ = {isa = PBXBuildFile; fileRef = AF9ACFAD1D50A28F00D2069B /* libz.tbd */; };
		AF9ACFB01D50A29800D2069B /* libxml2.tbd in Frameworks */ = {isa = PBXBuildFile; fileRef = AF9ACFAF1D50A29800D2069B /* libxml2.tbd */; };
		AF9ACFB21D50A2CF00D2069B /* libstdc++.tbd in Frameworks */ = {isa = PBXBuildFile; fileRef = AF9ACFB11D50A2CF00D2069B /* libstdc++.tbd */; };
		AF9ACFB51D50A32000D2069B /* libc++.tbd in Frameworks */ = {isa = PBXBuildFile; fileRef = AF9ACFB31D50A32000D2069B /* libc++.tbd */; };
		AF9ACFB61D50A32000D2069B /* libc++abi.tbd in Frameworks */ = {isa = PBXBuildFile; fileRef = AF9ACFB41D50A32000D2069B /* libc++abi.tbd */; };
		AF9ACFB81D50A32B00D2069B /* ImageIO.framework in Frameworks */ = {isa = PBXBuildFile; fileRef = AF9ACFB71D50A32B00D2069B /* ImageIO.framework */; };
		AF9ACFBA1D50A33400D2069B /* CoreAudio.framework in Frameworks */ = {isa = PBXBuildFile; fileRef = AF9ACFB91D50A33400D2069B /* CoreAudio.framework */; };
		AF9ACFBD1D50A35300D2069B /* CoreMedia.framework in Frameworks */ = {isa = PBXBuildFile; fileRef = AF9ACFBB1D50A35300D2069B /* CoreMedia.framework */; };
		AF9ACFBE1D50A35300D2069B /* CoreVideo.framework in Frameworks */ = {isa = PBXBuildFile; fileRef = AF9ACFBC1D50A35300D2069B /* CoreVideo.framework */; };
		AF9ACFC01D50A37A00D2069B /* AVFoundation.framework in Frameworks */ = {isa = PBXBuildFile; fileRef = AF9ACFBF1D50A37A00D2069B /* AVFoundation.framework */; };
		AF9ACFC21D50A38700D2069B /* AudioToolbox.framework in Frameworks */ = {isa = PBXBuildFile; fileRef = AF9ACFC11D50A38700D2069B /* AudioToolbox.framework */; };
		AF9ACFC41D50A39000D2069B /* AssetsLibrary.framework in Frameworks */ = {isa = PBXBuildFile; fileRef = AF9ACFC31D50A39000D2069B /* AssetsLibrary.framework */; };
		AF9ACFCD1D50A3D000D2069B /* Emoji.plist in Resources */ = {isa = PBXBuildFile; fileRef = AF9ACFC51D50A3D000D2069B /* Emoji.plist */; };
		AF9ACFCE1D50A3D000D2069B /* en.lproj in Resources */ = {isa = PBXBuildFile; fileRef = AF9ACFC61D50A3D000D2069B /* en.lproj */; };
		AF9ACFCF1D50A3D000D2069B /* libopencore-amrnb.a in Frameworks */ = {isa = PBXBuildFile; fileRef = AF9ACFC71D50A3D000D2069B /* libopencore-amrnb.a */; };
		AF9ACFD01D50A3D000D2069B /* RCConfig.plist in Resources */ = {isa = PBXBuildFile; fileRef = AF9ACFC81D50A3D000D2069B /* RCConfig.plist */; };
		AF9ACFD11D50A3D000D2069B /* RongCloud.bundle in Resources */ = {isa = PBXBuildFile; fileRef = AF9ACFC91D50A3D000D2069B /* RongCloud.bundle */; };
		AF9ACFD21D50A3D000D2069B /* RongIMKit.framework in Frameworks */ = {isa = PBXBuildFile; fileRef = AF9ACFCA1D50A3D000D2069B /* RongIMKit.framework */; };
		AF9ACFD31D50A3D000D2069B /* RongIMLib.framework in Frameworks */ = {isa = PBXBuildFile; fileRef = AF9ACFCB1D50A3D000D2069B /* RongIMLib.framework */; };
		AF9ACFD41D50A3D000D2069B /* zh-Hans.lproj in Resources */ = {isa = PBXBuildFile; fileRef = AF9ACFCC1D50A3D000D2069B /* zh-Hans.lproj */; };
		AF9ACFD61D50A4C300D2069B /* ConversationViewController.swift in Sources */ = {isa = PBXBuildFile; fileRef = AF9ACFD51D50A4C300D2069B /* ConversationViewController.swift */; };
		AF9ACFD81D50A4F000D2069B /* ConversationListViewController.swift in Sources */ = {isa = PBXBuildFile; fileRef = AF9ACFD71D50A4F000D2069B /* ConversationListViewController.swift */; };
		AF9ACFDA1D50DE2700D2069B /* RoundButton.swift in Sources */ = {isa = PBXBuildFile; fileRef = AF9ACFD91D50DE2600D2069B /* RoundButton.swift */; };
		AF9F59991D4DEC4000CC6A04 /* Active.png in Resources */ = {isa = PBXBuildFile; fileRef = AF9F59951D4DEC4000CC6A04 /* Active.png */; };
		AF9F599A1D4DEC4000CC6A04 /* Contacts.png in Resources */ = {isa = PBXBuildFile; fileRef = AF9F59961D4DEC4000CC6A04 /* Contacts.png */; };
		AF9F599B1D4DEC4000CC6A04 /* Me.png in Resources */ = {isa = PBXBuildFile; fileRef = AF9F59971D4DEC4000CC6A04 /* Me.png */; };
		AF9F599C1D4DEC4000CC6A04 /* Home.png in Resources */ = {isa = PBXBuildFile; fileRef = AF9F59981D4DEC4000CC6A04 /* Home.png */; };
		AF9F59A01D4DEDD300CC6A04 /* IMUDGES.png in Resources */ = {isa = PBXBuildFile; fileRef = AF9F599F1D4DEDD300CC6A04 /* IMUDGES.png */; };
/* End PBXBuildFile section */

/* Begin PBXContainerItemProxy section */
		392328A81D1A760C00822D53 /* PBXContainerItemProxy */ = {
			isa = PBXContainerItemProxy;
			containerPortal = 3923288B1D1A760C00822D53 /* Project object */;
			proxyType = 1;
			remoteGlobalIDString = 392328921D1A760C00822D53;
			remoteInfo = GroupTall;
		};
		392328B31D1A760C00822D53 /* PBXContainerItemProxy */ = {
			isa = PBXContainerItemProxy;
			containerPortal = 3923288B1D1A760C00822D53 /* Project object */;
			proxyType = 1;
			remoteGlobalIDString = 392328921D1A760C00822D53;
			remoteInfo = GroupTall;
		};
/* End PBXContainerItemProxy section */

/* Begin PBXFileReference section */
		392328931D1A760C00822D53 /* GroupTall.app */ = {isa = PBXFileReference; explicitFileType = wrapper.application; includeInIndex = 0; path = GroupTall.app; sourceTree = BUILT_PRODUCTS_DIR; };
		392328961D1A760C00822D53 /* AppDelegate.swift */ = {isa = PBXFileReference; lastKnownFileType = sourcecode.swift; path = AppDelegate.swift; sourceTree = "<group>"; };
		3923289D1D1A760C00822D53 /* Assets.xcassets */ = {isa = PBXFileReference; lastKnownFileType = folder.assetcatalog; path = Assets.xcassets; sourceTree = "<group>"; };
		392328A01D1A760C00822D53 /* Base */ = {isa = PBXFileReference; lastKnownFileType = file.storyboard; name = Base; path = Base.lproj/LaunchScreen.storyboard; sourceTree = "<group>"; };
		392328A21D1A760C00822D53 /* Info.plist */ = {isa = PBXFileReference; lastKnownFileType = text.plist.xml; path = Info.plist; sourceTree = "<group>"; };
		392328A71D1A760C00822D53 /* GroupTallTests.xctest */ = {isa = PBXFileReference; explicitFileType = wrapper.cfbundle; includeInIndex = 0; path = GroupTallTests.xctest; sourceTree = BUILT_PRODUCTS_DIR; };
		392328AB1D1A760C00822D53 /* GroupTallTests.swift */ = {isa = PBXFileReference; lastKnownFileType = sourcecode.swift; path = GroupTallTests.swift; sourceTree = "<group>"; };
		392328AD1D1A760C00822D53 /* Info.plist */ = {isa = PBXFileReference; lastKnownFileType = text.plist.xml; path = Info.plist; sourceTree = "<group>"; };
		392328B21D1A760C00822D53 /* GroupTallUITests.xctest */ = {isa = PBXFileReference; explicitFileType = wrapper.cfbundle; includeInIndex = 0; path = GroupTallUITests.xctest; sourceTree = BUILT_PRODUCTS_DIR; };
		392328B61D1A760C00822D53 /* GroupTallUITests.swift */ = {isa = PBXFileReference; lastKnownFileType = sourcecode.swift; path = GroupTallUITests.swift; sourceTree = "<group>"; };
		392328B81D1A760C00822D53 /* Info.plist */ = {isa = PBXFileReference; lastKnownFileType = text.plist.xml; path = Info.plist; sourceTree = "<group>"; };
		392328C41D1A76AD00822D53 /* BmobSDK.framework */ = {isa = PBXFileReference; lastKnownFileType = wrapper.framework; path = BmobSDK.framework; sourceTree = SOURCE_ROOT; };
		392328C61D1A76D700822D53 /* CoreLocation.framework */ = {isa = PBXFileReference; lastKnownFileType = wrapper.framework; name = CoreLocation.framework; path = System/Library/Frameworks/CoreLocation.framework; sourceTree = SDKROOT; };
		392328C81D1A76E300822D53 /* Security.framework */ = {isa = PBXFileReference; lastKnownFileType = wrapper.framework; name = Security.framework; path = System/Library/Frameworks/Security.framework; sourceTree = SDKROOT; };
		392328CA1D1A76F800822D53 /* CoreGraphics.framework */ = {isa = PBXFileReference; lastKnownFileType = wrapper.framework; name = CoreGraphics.framework; path = System/Library/Frameworks/CoreGraphics.framework; sourceTree = SDKROOT; };
		392328CC1D1A770100822D53 /* MobileCoreServices.framework */ = {isa = PBXFileReference; lastKnownFileType = wrapper.framework; name = MobileCoreServices.framework; path = System/Library/Frameworks/MobileCoreServices.framework; sourceTree = SDKROOT; };
		392328CE1D1A770C00822D53 /* CFNetwork.framework */ = {isa = PBXFileReference; lastKnownFileType = wrapper.framework; name = CFNetwork.framework; path = System/Library/Frameworks/CFNetwork.framework; sourceTree = SDKROOT; };
		392328D01D1A771800822D53 /* CoreTelephony.framework */ = {isa = PBXFileReference; lastKnownFileType = wrapper.framework; name = CoreTelephony.framework; path = System/Library/Frameworks/CoreTelephony.framework; sourceTree = SDKROOT; };
		392328D21D1A772300822D53 /* SystemConfiguration.framework */ = {isa = PBXFileReference; lastKnownFileType = wrapper.framework; name = SystemConfiguration.framework; path = System/Library/Frameworks/SystemConfiguration.framework; sourceTree = SDKROOT; };
		392328D41D1A772E00822D53 /* libz.1.2.5.tbd */ = {isa = PBXFileReference; lastKnownFileType = "sourcecode.text-based-dylib-definition"; name = libz.1.2.5.tbd; path = usr/lib/libz.1.2.5.tbd; sourceTree = SDKROOT; };
		392328D61D1A773E00822D53 /* libicucore.tbd */ = {isa = PBXFileReference; lastKnownFileType = "sourcecode.text-based-dylib-definition"; name = libicucore.tbd; path = usr/lib/libicucore.tbd; sourceTree = SDKROOT; };
		392328D81D1A774800822D53 /* libsqlite3.tbd */ = {isa = PBXFileReference; lastKnownFileType = "sourcecode.text-based-dylib-definition"; name = libsqlite3.tbd; path = usr/lib/libsqlite3.tbd; sourceTree = SDKROOT; };
		392328DA1D1A77EA00822D53 /* GroupTall-Bridging-Header.h */ = {isa = PBXFileReference; lastKnownFileType = sourcecode.c.h; path = "GroupTall-Bridging-Header.h"; sourceTree = "<group>"; };
		397AAF211D4C6D4000EF2CC8 /* User.swift */ = {isa = PBXFileReference; fileEncoding = 4; lastKnownFileType = sourcecode.swift; path = User.swift; sourceTree = "<group>"; };
		AF3E5FBE1D4B521E00A17796 /* LoginViewController.swift */ = {isa = PBXFileReference; fileEncoding = 4; lastKnownFileType = sourcecode.swift; path = LoginViewController.swift; sourceTree = "<group>"; };
		AF3E5FC01D4B523F00A17796 /* RegisterViewController.swift */ = {isa = PBXFileReference; fileEncoding = 4; lastKnownFileType = sourcecode.swift; path = RegisterViewController.swift; sourceTree = "<group>"; };
		AF3E5FC81D4C8AEC00A17796 /* BmobController.swift */ = {isa = PBXFileReference; fileEncoding = 4; lastKnownFileType = sourcecode.swift; path = BmobController.swift; sourceTree = "<group>"; };
		AF422EC31D4B491200AA731B /* Main.storyboard */ = {isa = PBXFileReference; fileEncoding = 4; lastKnownFileType = file.storyboard; path = Main.storyboard; sourceTree = "<group>"; };
		AF6C3BCE1D4DDF1A0062DD38 /* login_back.png */ = {isa = PBXFileReference; lastKnownFileType = image.png; path = login_back.png; sourceTree = "<group>"; };
		AF6EBD961D4EDC5B00DDBF53 /* TabbarViewController.swift */ = {isa = PBXFileReference; fileEncoding = 4; lastKnownFileType = sourcecode.swift; path = TabbarViewController.swift; sourceTree = "<group>"; };
		AF6EBD981D4EE1A100DDBF53 /* HomeViewController.swift */ = {isa = PBXFileReference; fileEncoding = 4; lastKnownFileType = sourcecode.swift; path = HomeViewController.swift; sourceTree = "<group>"; };
		AF6EBD9A1D4EE64200DDBF53 /* MeViewController.swift */ = {isa = PBXFileReference; fileEncoding = 4; lastKnownFileType = sourcecode.swift; path = MeViewController.swift; sourceTree = "<group>"; };
		AF6EBD9C1D4EF46000DDBF53 /* BmobIMSDK.framework */ = {isa = PBXFileReference; lastKnownFileType = wrapper.framework; path = BmobIMSDK.framework; sourceTree = "<group>"; };
		AF9ACFA31D50A25E00D2069B /* Photos.framework */ = {isa = PBXFileReference; lastKnownFileType = wrapper.framework; name = Photos.framework; path = System/Library/Frameworks/Photos.framework; sourceTree = SDKROOT; };
		AF9ACFA51D50A26600D2069B /* UIKit.framework */ = {isa = PBXFileReference; lastKnownFileType = wrapper.framework; name = UIKit.framework; path = System/Library/Frameworks/UIKit.framework; sourceTree = SDKROOT; };
		AF9ACFA71D50A27300D2069B /* QuartzCore.framework */ = {isa = PBXFileReference; lastKnownFileType = wrapper.framework; name = QuartzCore.framework; path = System/Library/Frameworks/QuartzCore.framework; sourceTree = SDKROOT; };
		AF9ACFA91D50A27D00D2069B /* OpenGLES.framework */ = {isa = PBXFileReference; lastKnownFileType = wrapper.framework; name = OpenGLES.framework; path = System/Library/Frameworks/OpenGLES.framework; sourceTree = SDKROOT; };
		AF9ACFAB1D50A28500D2069B /* MapKit.framework */ = {isa = PBXFileReference; lastKnownFileType = wrapper.framework; name = MapKit.framework; path = System/Library/Frameworks/MapKit.framework; sourceTree = SDKROOT; };
		AF9ACFAD1D50A28F00D2069B /* libz.tbd */ = {isa = PBXFileReference; lastKnownFileType = "sourcecode.text-based-dylib-definition"; name = libz.tbd; path = usr/lib/libz.tbd; sourceTree = SDKROOT; };
		AF9ACFAF1D50A29800D2069B /* libxml2.tbd */ = {isa = PBXFileReference; lastKnownFileType = "sourcecode.text-based-dylib-definition"; name = libxml2.tbd; path = usr/lib/libxml2.tbd; sourceTree = SDKROOT; };
		AF9ACFB11D50A2CF00D2069B /* libstdc++.tbd */ = {isa = PBXFileReference; lastKnownFileType = "sourcecode.text-based-dylib-definition"; name = "libstdc++.tbd"; path = "usr/lib/libstdc++.tbd"; sourceTree = SDKROOT; };
		AF9ACFB31D50A32000D2069B /* libc++.tbd */ = {isa = PBXFileReference; lastKnownFileType = "sourcecode.text-based-dylib-definition"; name = "libc++.tbd"; path = "usr/lib/libc++.tbd"; sourceTree = SDKROOT; };
		AF9ACFB41D50A32000D2069B /* libc++abi.tbd */ = {isa = PBXFileReference; lastKnownFileType = "sourcecode.text-based-dylib-definition"; name = "libc++abi.tbd"; path = "usr/lib/libc++abi.tbd"; sourceTree = SDKROOT; };
		AF9ACFB71D50A32B00D2069B /* ImageIO.framework */ = {isa = PBXFileReference; lastKnownFileType = wrapper.framework; name = ImageIO.framework; path = System/Library/Frameworks/ImageIO.framework; sourceTree = SDKROOT; };
		AF9ACFB91D50A33400D2069B /* CoreAudio.framework */ = {isa = PBXFileReference; lastKnownFileType = wrapper.framework; name = CoreAudio.framework; path = System/Library/Frameworks/CoreAudio.framework; sourceTree = SDKROOT; };
		AF9ACFBB1D50A35300D2069B /* CoreMedia.framework */ = {isa = PBXFileReference; lastKnownFileType = wrapper.framework; name = CoreMedia.framework; path = System/Library/Frameworks/CoreMedia.framework; sourceTree = SDKROOT; };
		AF9ACFBC1D50A35300D2069B /* CoreVideo.framework */ = {isa = PBXFileReference; lastKnownFileType = wrapper.framework; name = CoreVideo.framework; path = System/Library/Frameworks/CoreVideo.framework; sourceTree = SDKROOT; };
		AF9ACFBF1D50A37A00D2069B /* AVFoundation.framework */ = {isa = PBXFileReference; lastKnownFileType = wrapper.framework; name = AVFoundation.framework; path = System/Library/Frameworks/AVFoundation.framework; sourceTree = SDKROOT; };
		AF9ACFC11D50A38700D2069B /* AudioToolbox.framework */ = {isa = PBXFileReference; lastKnownFileType = wrapper.framework; name = AudioToolbox.framework; path = System/Library/Frameworks/AudioToolbox.framework; sourceTree = SDKROOT; };
		AF9ACFC31D50A39000D2069B /* AssetsLibrary.framework */ = {isa = PBXFileReference; lastKnownFileType = wrapper.framework; name = AssetsLibrary.framework; path = System/Library/Frameworks/AssetsLibrary.framework; sourceTree = SDKROOT; };
		AF9ACFC51D50A3D000D2069B /* Emoji.plist */ = {isa = PBXFileReference; fileEncoding = 4; lastKnownFileType = text.plist.xml; path = Emoji.plist; sourceTree = "<group>"; };
		AF9ACFC61D50A3D000D2069B /* en.lproj */ = {isa = PBXFileReference; lastKnownFileType = folder; path = en.lproj; sourceTree = "<group>"; };
		AF9ACFC71D50A3D000D2069B /* libopencore-amrnb.a */ = {isa = PBXFileReference; lastKnownFileType = archive.ar; path = "libopencore-amrnb.a"; sourceTree = "<group>"; };
		AF9ACFC81D50A3D000D2069B /* RCConfig.plist */ = {isa = PBXFileReference; fileEncoding = 4; lastKnownFileType = text.plist.xml; path = RCConfig.plist; sourceTree = "<group>"; };
		AF9ACFC91D50A3D000D2069B /* RongCloud.bundle */ = {isa = PBXFileReference; lastKnownFileType = "wrapper.plug-in"; path = RongCloud.bundle; sourceTree = "<group>"; };
		AF9ACFCA1D50A3D000D2069B /* RongIMKit.framework */ = {isa = PBXFileReference; lastKnownFileType = wrapper.framework; path = RongIMKit.framework; sourceTree = "<group>"; };
		AF9ACFCB1D50A3D000D2069B /* RongIMLib.framework */ = {isa = PBXFileReference; lastKnownFileType = wrapper.framework; path = RongIMLib.framework; sourceTree = "<group>"; };
		AF9ACFCC1D50A3D000D2069B /* zh-Hans.lproj */ = {isa = PBXFileReference; lastKnownFileType = folder; path = "zh-Hans.lproj"; sourceTree = "<group>"; };
		AF9ACFD51D50A4C300D2069B /* ConversationViewController.swift */ = {isa = PBXFileReference; fileEncoding = 4; lastKnownFileType = sourcecode.swift; path = ConversationViewController.swift; sourceTree = "<group>"; };
		AF9ACFD71D50A4F000D2069B /* ConversationListViewController.swift */ = {isa = PBXFileReference; fileEncoding = 4; lastKnownFileType = sourcecode.swift; path = ConversationListViewController.swift; sourceTree = "<group>"; };
		AF9ACFD91D50DE2600D2069B /* RoundButton.swift */ = {isa = PBXFileReference; fileEncoding = 4; lastKnownFileType = sourcecode.swift; path = RoundButton.swift; sourceTree = "<group>"; };
		AF9F59951D4DEC4000CC6A04 /* Active.png */ = {isa = PBXFileReference; lastKnownFileType = image.png; path = Active.png; sourceTree = "<group>"; };
		AF9F59961D4DEC4000CC6A04 /* Contacts.png */ = {isa = PBXFileReference; lastKnownFileType = image.png; path = Contacts.png; sourceTree = "<group>"; };
		AF9F59971D4DEC4000CC6A04 /* Me.png */ = {isa = PBXFileReference; lastKnownFileType = image.png; path = Me.png; sourceTree = "<group>"; };
		AF9F59981D4DEC4000CC6A04 /* Home.png */ = {isa = PBXFileReference; lastKnownFileType = image.png; path = Home.png; sourceTree = "<group>"; };
		AF9F599F1D4DEDD300CC6A04 /* IMUDGES.png */ = {isa = PBXFileReference; lastKnownFileType = image.png; path = IMUDGES.png; sourceTree = "<group>"; };
/* End PBXFileReference section */

/* Begin PBXFrameworksBuildPhase section */
		392328901D1A760C00822D53 /* Frameworks */ = {
			isa = PBXFrameworksBuildPhase;
			buildActionMask = 2147483647;
			files = (
				AF9ACFC41D50A39000D2069B /* AssetsLibrary.framework in Frameworks */,
				AF9ACFD21D50A3D000D2069B /* RongIMKit.framework in Frameworks */,
				AF9ACFC21D50A38700D2069B /* AudioToolbox.framework in Frameworks */,
				AF9ACFC01D50A37A00D2069B /* AVFoundation.framework in Frameworks */,
				392328CF1D1A770C00822D53 /* CFNetwork.framework in Frameworks */,
				392328C71D1A76D700822D53 /* CoreLocation.framework in Frameworks */,
				AF9ACFBD1D50A35300D2069B /* CoreMedia.framework in Frameworks */,
				AF9ACFBE1D50A35300D2069B /* CoreVideo.framework in Frameworks */,
				392328CB1D1A76F900822D53 /* CoreGraphics.framework in Frameworks */,
				392328D11D1A771800822D53 /* CoreTelephony.framework in Frameworks */,
				AF9ACFBA1D50A33400D2069B /* CoreAudio.framework in Frameworks */,
				AF9ACFB81D50A32B00D2069B /* ImageIO.framework in Frameworks */,
				AF9ACFB51D50A32000D2069B /* libc++.tbd in Frameworks */,
				AF9ACFB61D50A32000D2069B /* libc++abi.tbd in Frameworks */,
				AF9ACFCF1D50A3D000D2069B /* libopencore-amrnb.a in Frameworks */,
				392328D91D1A774800822D53 /* libsqlite3.tbd in Frameworks */,
				AF9ACFB21D50A2CF00D2069B /* libstdc++.tbd in Frameworks */,
				AF9ACFB01D50A29800D2069B /* libxml2.tbd in Frameworks */,
				AF9ACFD31D50A3D000D2069B /* RongIMLib.framework in Frameworks */,
				AF9ACFAE1D50A28F00D2069B /* libz.tbd in Frameworks */,
				AF9ACFAC1D50A28500D2069B /* MapKit.framework in Frameworks */,
				AF9ACFAA1D50A27D00D2069B /* OpenGLES.framework in Frameworks */,
				AF9ACFA81D50A27300D2069B /* QuartzCore.framework in Frameworks */,
				392328D31D1A772300822D53 /* SystemConfiguration.framework in Frameworks */,
				AF9ACFA61D50A26600D2069B /* UIKit.framework in Frameworks */,
				AF9ACFA41D50A25E00D2069B /* Photos.framework in Frameworks */,
				392328D71D1A773E00822D53 /* libicucore.tbd in Frameworks */,
				392328D51D1A772E00822D53 /* libz.1.2.5.tbd in Frameworks */,
				AF6EBD9D1D4EF46000DDBF53 /* BmobIMSDK.framework in Frameworks */,
				392328CD1D1A770100822D53 /* MobileCoreServices.framework in Frameworks */,
				392328C91D1A76E300822D53 /* Security.framework in Frameworks */,
				392328C51D1A76AD00822D53 /* BmobSDK.framework in Frameworks */,
			);
			runOnlyForDeploymentPostprocessing = 0;
		};
		392328A41D1A760C00822D53 /* Frameworks */ = {
			isa = PBXFrameworksBuildPhase;
			buildActionMask = 2147483647;
			files = (
			);
			runOnlyForDeploymentPostprocessing = 0;
		};
		392328AF1D1A760C00822D53 /* Frameworks */ = {
			isa = PBXFrameworksBuildPhase;
			buildActionMask = 2147483647;
			files = (
			);
			runOnlyForDeploymentPostprocessing = 0;
		};
/* End PBXFrameworksBuildPhase section */

/* Begin PBXGroup section */
		3923288A1D1A760C00822D53 = {
			isa = PBXGroup;
			children = (
				39FF91081D4AEA0D0066D184 /* Framework */,
				392328951D1A760C00822D53 /* GroupTall */,
				392328AA1D1A760C00822D53 /* GroupTallTests */,
				392328B51D1A760C00822D53 /* GroupTallUITests */,
				392328941D1A760C00822D53 /* Products */,
			);
			sourceTree = "<group>";
		};
		392328941D1A760C00822D53 /* Products */ = {
			isa = PBXGroup;
			children = (
				392328931D1A760C00822D53 /* GroupTall.app */,
				392328A71D1A760C00822D53 /* GroupTallTests.xctest */,
				392328B21D1A760C00822D53 /* GroupTallUITests.xctest */,
			);
			name = Products;
			sourceTree = "<group>";
		};
		392328951D1A760C00822D53 /* GroupTall */ = {
			isa = PBXGroup;
			children = (
				AF6C3BCD1D4DDEF80062DD38 /* imag */,
				AFEF0F731D4CA2FD005716B7 /* Other */,
				AFEF0F721D4CA2D5005716B7 /* View */,
				AFEF0F711D4CA2BB005716B7 /* ViewControll */,
				AFEF0F701D4CA273005716B7 /* Util */,
			);
			path = GroupTall;
			sourceTree = "<group>";
		};
		392328AA1D1A760C00822D53 /* GroupTallTests */ = {
			isa = PBXGroup;
			children = (
				392328AB1D1A760C00822D53 /* GroupTallTests.swift */,
				392328AD1D1A760C00822D53 /* Info.plist */,
			);
			path = GroupTallTests;
			sourceTree = "<group>";
		};
		392328B51D1A760C00822D53 /* GroupTallUITests */ = {
			isa = PBXGroup;
			children = (
				392328B61D1A760C00822D53 /* GroupTallUITests.swift */,
				392328B81D1A760C00822D53 /* Info.plist */,
			);
			path = GroupTallUITests;
			sourceTree = "<group>";
		};
		39FF91081D4AEA0D0066D184 /* Framework */ = {
			isa = PBXGroup;
			children = (
				AF9ACFC51D50A3D000D2069B /* Emoji.plist */,
				AF9ACFC61D50A3D000D2069B /* en.lproj */,
				AF9ACFC71D50A3D000D2069B /* libopencore-amrnb.a */,
				AF9ACFC81D50A3D000D2069B /* RCConfig.plist */,
				AF9ACFC91D50A3D000D2069B /* RongCloud.bundle */,
				AF9ACFCA1D50A3D000D2069B /* RongIMKit.framework */,
				AF9ACFCB1D50A3D000D2069B /* RongIMLib.framework */,
				AF9ACFCC1D50A3D000D2069B /* zh-Hans.lproj */,
				AF9ACFC31D50A39000D2069B /* AssetsLibrary.framework */,
				AF9ACFC11D50A38700D2069B /* AudioToolbox.framework */,
				AF9ACFBF1D50A37A00D2069B /* AVFoundation.framework */,
				AF9ACFBB1D50A35300D2069B /* CoreMedia.framework */,
				AF9ACFBC1D50A35300D2069B /* CoreVideo.framework */,
				AF9ACFB91D50A33400D2069B /* CoreAudio.framework */,
				AF9ACFB71D50A32B00D2069B /* ImageIO.framework */,
				AF9ACFB31D50A32000D2069B /* libc++.tbd */,
				AF9ACFB41D50A32000D2069B /* libc++abi.tbd */,
				AF9ACFB11D50A2CF00D2069B /* libstdc++.tbd */,
				AF9ACFAF1D50A29800D2069B /* libxml2.tbd */,
				AF9ACFAD1D50A28F00D2069B /* libz.tbd */,
				AF9ACFAB1D50A28500D2069B /* MapKit.framework */,
				AF9ACFA91D50A27D00D2069B /* OpenGLES.framework */,
				AF9ACFA71D50A27300D2069B /* QuartzCore.framework */,
				AF9ACFA51D50A26600D2069B /* UIKit.framework */,
				AF9ACFA31D50A25E00D2069B /* Photos.framework */,
				392328D81D1A774800822D53 /* libsqlite3.tbd */,
				392328D61D1A773E00822D53 /* libicucore.tbd */,
				392328D41D1A772E00822D53 /* libz.1.2.5.tbd */,
				392328C41D1A76AD00822D53 /* BmobSDK.framework */,
				AF6EBD9C1D4EF46000DDBF53 /* BmobIMSDK.framework */,
				392328D21D1A772300822D53 /* SystemConfiguration.framework */,
				392328D01D1A771800822D53 /* CoreTelephony.framework */,
				392328CE1D1A770C00822D53 /* CFNetwork.framework */,
				392328CC1D1A770100822D53 /* MobileCoreServices.framework */,
				392328CA1D1A76F800822D53 /* CoreGraphics.framework */,
				392328C81D1A76E300822D53 /* Security.framework */,
				392328C61D1A76D700822D53 /* CoreLocation.framework */,
			);
			name = Framework;
			sourceTree = "<group>";
		};
		AF6C3BCD1D4DDEF80062DD38 /* imag */ = {
			isa = PBXGroup;
			children = (
				AF6C3BCE1D4DDF1A0062DD38 /* login_back.png */,
				AF9F59951D4DEC4000CC6A04 /* Active.png */,
				AF9F59961D4DEC4000CC6A04 /* Contacts.png */,
				AF9F59971D4DEC4000CC6A04 /* Me.png */,
				AF9F59981D4DEC4000CC6A04 /* Home.png */,
				AF9F599F1D4DEDD300CC6A04 /* IMUDGES.png */,
			);
			name = imag;
			sourceTree = "<group>";
		};
		AFEF0F701D4CA273005716B7 /* Util */ = {
			isa = PBXGroup;
			children = (
				397AAF211D4C6D4000EF2CC8 /* User.swift */,
				AF3E5FC81D4C8AEC00A17796 /* BmobController.swift */,
			);
			name = Util;
			sourceTree = "<group>";
		};
		AFEF0F711D4CA2BB005716B7 /* ViewControll */ = {
			isa = PBXGroup;
			children = (
				AF3E5FBE1D4B521E00A17796 /* LoginViewController.swift */,
				AF3E5FC01D4B523F00A17796 /* RegisterViewController.swift */,
				AF6EBD961D4EDC5B00DDBF53 /* TabbarViewController.swift */,
				AF6EBD981D4EE1A100DDBF53 /* HomeViewController.swift */,
				AF6EBD9A1D4EE64200DDBF53 /* MeViewController.swift */,
				AF9ACFD51D50A4C300D2069B /* ConversationViewController.swift */,
				AF9ACFD71D50A4F000D2069B /* ConversationListViewController.swift */,
			);
			name = ViewControll;
			sourceTree = "<group>";
		};
		AFEF0F721D4CA2D5005716B7 /* View */ = {
			isa = PBXGroup;
			children = (
				3923289F1D1A760C00822D53 /* LaunchScreen.storyboard */,
				AF422EC31D4B491200AA731B /* Main.storyboard */,
				AF9ACFD91D50DE2600D2069B /* RoundButton.swift */,
			);
			name = View;
			sourceTree = "<group>";
		};
		AFEF0F731D4CA2FD005716B7 /* Other */ = {
			isa = PBXGroup;
			children = (
				392328961D1A760C00822D53 /* AppDelegate.swift */,
				3923289D1D1A760C00822D53 /* Assets.xcassets */,
				392328A21D1A760C00822D53 /* Info.plist */,
				392328DA1D1A77EA00822D53 /* GroupTall-Bridging-Header.h */,
			);
			name = Other;
			sourceTree = "<group>";
		};
/* End PBXGroup section */

/* Begin PBXNativeTarget section */
		392328921D1A760C00822D53 /* GroupTall */ = {
			isa = PBXNativeTarget;
			buildConfigurationList = 392328BB1D1A760C00822D53 /* Build configuration list for PBXNativeTarget "GroupTall" */;
			buildPhases = (
				3923288F1D1A760C00822D53 /* Sources */,
				392328901D1A760C00822D53 /* Frameworks */,
				392328911D1A760C00822D53 /* Resources */,
			);
			buildRules = (
			);
			dependencies = (
			);
			name = GroupTall;
			productName = GroupTall;
			productReference = 392328931D1A760C00822D53 /* GroupTall.app */;
			productType = "com.apple.product-type.application";
		};
		392328A61D1A760C00822D53 /* GroupTallTests */ = {
			isa = PBXNativeTarget;
			buildConfigurationList = 392328BE1D1A760C00822D53 /* Build configuration list for PBXNativeTarget "GroupTallTests" */;
			buildPhases = (
				392328A31D1A760C00822D53 /* Sources */,
				392328A41D1A760C00822D53 /* Frameworks */,
				392328A51D1A760C00822D53 /* Resources */,
			);
			buildRules = (
			);
			dependencies = (
				392328A91D1A760C00822D53 /* PBXTargetDependency */,
			);
			name = GroupTallTests;
			productName = GroupTallTests;
			productReference = 392328A71D1A760C00822D53 /* GroupTallTests.xctest */;
			productType = "com.apple.product-type.bundle.unit-test";
		};
		392328B11D1A760C00822D53 /* GroupTallUITests */ = {
			isa = PBXNativeTarget;
			buildConfigurationList = 392328C11D1A760C00822D53 /* Build configuration list for PBXNativeTarget "GroupTallUITests" */;
			buildPhases = (
				392328AE1D1A760C00822D53 /* Sources */,
				392328AF1D1A760C00822D53 /* Frameworks */,
				392328B01D1A760C00822D53 /* Resources */,
			);
			buildRules = (
			);
			dependencies = (
				392328B41D1A760C00822D53 /* PBXTargetDependency */,
			);
			name = GroupTallUITests;
			productName = GroupTallUITests;
			productReference = 392328B21D1A760C00822D53 /* GroupTallUITests.xctest */;
			productType = "com.apple.product-type.bundle.ui-testing";
		};
/* End PBXNativeTarget section */

/* Begin PBXProject section */
		3923288B1D1A760C00822D53 /* Project object */ = {
			isa = PBXProject;
			attributes = {
				LastSwiftUpdateCheck = 0730;
				LastUpgradeCheck = 0730;
				ORGANIZATIONNAME = liuzhenyu;
				TargetAttributes = {
					392328921D1A760C00822D53 = {
						CreatedOnToolsVersion = 7.3.1;
						DevelopmentTeam = WX5CU9SC39;
					};
					392328A61D1A760C00822D53 = {
						CreatedOnToolsVersion = 7.3.1;
						TestTargetID = 392328921D1A760C00822D53;
					};
					392328B11D1A760C00822D53 = {
						CreatedOnToolsVersion = 7.3.1;
						TestTargetID = 392328921D1A760C00822D53;
					};
				};
			};
			buildConfigurationList = 3923288E1D1A760C00822D53 /* Build configuration list for PBXProject "GroupTall" */;
			compatibilityVersion = "Xcode 3.2";
			developmentRegion = English;
			hasScannedForEncodings = 0;
			knownRegions = (
				en,
				Base,
			);
			mainGroup = 3923288A1D1A760C00822D53;
			productRefGroup = 392328941D1A760C00822D53 /* Products */;
			projectDirPath = "";
			projectRoot = "";
			targets = (
				392328921D1A760C00822D53 /* GroupTall */,
				392328A61D1A760C00822D53 /* GroupTallTests */,
				392328B11D1A760C00822D53 /* GroupTallUITests */,
			);
		};
/* End PBXProject section */

/* Begin PBXResourcesBuildPhase section */
		392328911D1A760C00822D53 /* Resources */ = {
			isa = PBXResourcesBuildPhase;
			buildActionMask = 2147483647;
			files = (
				AF9F599A1D4DEC4000CC6A04 /* Contacts.png in Resources */,
				AF9ACFCE1D50A3D000D2069B /* en.lproj in Resources */,
				AF422EC41D4B491200AA731B /* Main.storyboard in Resources */,
				AF9ACFD01D50A3D000D2069B /* RCConfig.plist in Resources */,
				AF9ACFD11D50A3D000D2069B /* RongCloud.bundle in Resources */,
				AF9F59A01D4DEDD300CC6A04 /* IMUDGES.png in Resources */,
				392328A11D1A760C00822D53 /* LaunchScreen.storyboard in Resources */,
				AF9F599B1D4DEC4000CC6A04 /* Me.png in Resources */,
				AF9ACFCD1D50A3D000D2069B /* Emoji.plist in Resources */,
				AF9ACFD41D50A3D000D2069B /* zh-Hans.lproj in Resources */,
				AF9F599C1D4DEC4000CC6A04 /* Home.png in Resources */,
				AF6C3BCF1D4DDF1A0062DD38 /* login_back.png in Resources */,
				3923289E1D1A760C00822D53 /* Assets.xcassets in Resources */,
				AF9F59991D4DEC4000CC6A04 /* Active.png in Resources */,
			);
			runOnlyForDeploymentPostprocessing = 0;
		};
		392328A51D1A760C00822D53 /* Resources */ = {
			isa = PBXResourcesBuildPhase;
			buildActionMask = 2147483647;
			files = (
			);
			runOnlyForDeploymentPostprocessing = 0;
		};
		392328B01D1A760C00822D53 /* Resources */ = {
			isa = PBXResourcesBuildPhase;
			buildActionMask = 2147483647;
			files = (
			);
			runOnlyForDeploymentPostprocessing = 0;
		};
/* End PBXResourcesBuildPhase section */

/* Begin PBXSourcesBuildPhase section */
		3923288F1D1A760C00822D53 /* Sources */ = {
			isa = PBXSourcesBuildPhase;
			buildActionMask = 2147483647;
			files = (
				AF3E5FC11D4B523F00A17796 /* RegisterViewController.swift in Sources */,
				AF3E5FBF1D4B521E00A17796 /* LoginViewController.swift in Sources */,
				AF9ACFD61D50A4C300D2069B /* ConversationViewController.swift in Sources */,
				AF6EBD9B1D4EE64200DDBF53 /* MeViewController.swift in Sources */,
				AF9ACFDA1D50DE2700D2069B /* RoundButton.swift in Sources */,
				AF6EBD971D4EDC5B00DDBF53 /* TabbarViewController.swift in Sources */,
				392328971D1A760C00822D53 /* AppDelegate.swift in Sources */,
				AF3E5FC91D4C8AEC00A17796 /* BmobController.swift in Sources */,
				AF9ACFD81D50A4F000D2069B /* ConversationListViewController.swift in Sources */,
				AF6EBD991D4EE1A100DDBF53 /* HomeViewController.swift in Sources */,
				397AAF221D4C6D4000EF2CC8 /* User.swift in Sources */,
			);
			runOnlyForDeploymentPostprocessing = 0;
		};
		392328A31D1A760C00822D53 /* Sources */ = {
			isa = PBXSourcesBuildPhase;
			buildActionMask = 2147483647;
			files = (
				392328AC1D1A760C00822D53 /* GroupTallTests.swift in Sources */,
			);
			runOnlyForDeploymentPostprocessing = 0;
		};
		392328AE1D1A760C00822D53 /* Sources */ = {
			isa = PBXSourcesBuildPhase;
			buildActionMask = 2147483647;
			files = (
				392328B71D1A760C00822D53 /* GroupTallUITests.swift in Sources */,
			);
			runOnlyForDeploymentPostprocessing = 0;
		};
/* End PBXSourcesBuildPhase section */

/* Begin PBXTargetDependency section */
		392328A91D1A760C00822D53 /* PBXTargetDependency */ = {
			isa = PBXTargetDependency;
			target = 392328921D1A760C00822D53 /* GroupTall */;
			targetProxy = 392328A81D1A760C00822D53 /* PBXContainerItemProxy */;
		};
		392328B41D1A760C00822D53 /* PBXTargetDependency */ = {
			isa = PBXTargetDependency;
			target = 392328921D1A760C00822D53 /* GroupTall */;
			targetProxy = 392328B31D1A760C00822D53 /* PBXContainerItemProxy */;
		};
/* End PBXTargetDependency section */

/* Begin PBXVariantGroup section */
		3923289F1D1A760C00822D53 /* LaunchScreen.storyboard */ = {
			isa = PBXVariantGroup;
			children = (
				392328A01D1A760C00822D53 /* Base */,
			);
			name = LaunchScreen.storyboard;
			sourceTree = "<group>";
		};
/* End PBXVariantGroup section */

/* Begin XCBuildConfiguration section */
		392328B91D1A760C00822D53 /* Debug */ = {
			isa = XCBuildConfiguration;
			buildSettings = {
				ALWAYS_SEARCH_USER_PATHS = NO;
				CLANG_ANALYZER_NONNULL = YES;
				CLANG_CXX_LANGUAGE_STANDARD = "gnu++0x";
				CLANG_CXX_LIBRARY = "libc++";
				CLANG_ENABLE_MODULES = YES;
				CLANG_ENABLE_OBJC_ARC = YES;
				CLANG_WARN_BOOL_CONVERSION = YES;
				CLANG_WARN_CONSTANT_CONVERSION = YES;
				CLANG_WARN_DIRECT_OBJC_ISA_USAGE = YES_ERROR;
				CLANG_WARN_EMPTY_BODY = YES;
				CLANG_WARN_ENUM_CONVERSION = YES;
				CLANG_WARN_INT_CONVERSION = YES;
				CLANG_WARN_OBJC_ROOT_CLASS = YES_ERROR;
				CLANG_WARN_UNREACHABLE_CODE = YES;
				CLANG_WARN__DUPLICATE_METHOD_MATCH = YES;
				"CODE_SIGN_IDENTITY[sdk=iphoneos*]" = "iPhone Developer";
				COPY_PHASE_STRIP = NO;
				DEBUG_INFORMATION_FORMAT = dwarf;
				ENABLE_STRICT_OBJC_MSGSEND = YES;
				ENABLE_TESTABILITY = YES;
				GCC_C_LANGUAGE_STANDARD = gnu99;
				GCC_DYNAMIC_NO_PIC = NO;
				GCC_NO_COMMON_BLOCKS = YES;
				GCC_OPTIMIZATION_LEVEL = 0;
				GCC_PREPROCESSOR_DEFINITIONS = (
					"DEBUG=1",
					"$(inherited)",
				);
				GCC_WARN_64_TO_32_BIT_CONVERSION = YES;
				GCC_WARN_ABOUT_RETURN_TYPE = YES_ERROR;
				GCC_WARN_UNDECLARED_SELECTOR = YES;
				GCC_WARN_UNINITIALIZED_AUTOS = YES_AGGRESSIVE;
				GCC_WARN_UNUSED_FUNCTION = YES;
				GCC_WARN_UNUSED_VARIABLE = YES;
				IPHONEOS_DEPLOYMENT_TARGET = 9.3;
				MTL_ENABLE_DEBUG_INFO = YES;
				ONLY_ACTIVE_ARCH = YES;
				SDKROOT = iphoneos;
				SWIFT_OPTIMIZATION_LEVEL = "-Onone";
			};
			name = Debug;
		};
		392328BA1D1A760C00822D53 /* Release */ = {
			isa = XCBuildConfiguration;
			buildSettings = {
				ALWAYS_SEARCH_USER_PATHS = NO;
				CLANG_ANALYZER_NONNULL = YES;
				CLANG_CXX_LANGUAGE_STANDARD = "gnu++0x";
				CLANG_CXX_LIBRARY = "libc++";
				CLANG_ENABLE_MODULES = YES;
				CLANG_ENABLE_OBJC_ARC = YES;
				CLANG_WARN_BOOL_CONVERSION = YES;
				CLANG_WARN_CONSTANT_CONVERSION = YES;
				CLANG_WARN_DIRECT_OBJC_ISA_USAGE = YES_ERROR;
				CLANG_WARN_EMPTY_BODY = YES;
				CLANG_WARN_ENUM_CONVERSION = YES;
				CLANG_WARN_INT_CONVERSION = YES;
				CLANG_WARN_OBJC_ROOT_CLASS = YES_ERROR;
				CLANG_WARN_UNREACHABLE_CODE = YES;
				CLANG_WARN__DUPLICATE_METHOD_MATCH = YES;
				"CODE_SIGN_IDENTITY[sdk=iphoneos*]" = "iPhone Developer";
				COPY_PHASE_STRIP = NO;
				DEBUG_INFORMATION_FORMAT = "dwarf-with-dsym";
				ENABLE_NS_ASSERTIONS = NO;
				ENABLE_STRICT_OBJC_MSGSEND = YES;
				GCC_C_LANGUAGE_STANDARD = gnu99;
				GCC_NO_COMMON_BLOCKS = YES;
				GCC_WARN_64_TO_32_BIT_CONVERSION = YES;
				GCC_WARN_ABOUT_RETURN_TYPE = YES_ERROR;
				GCC_WARN_UNDECLARED_SELECTOR = YES;
				GCC_WARN_UNINITIALIZED_AUTOS = YES_AGGRESSIVE;
				GCC_WARN_UNUSED_FUNCTION = YES;
				GCC_WARN_UNUSED_VARIABLE = YES;
				IPHONEOS_DEPLOYMENT_TARGET = 9.3;
				MTL_ENABLE_DEBUG_INFO = NO;
				SDKROOT = iphoneos;
				VALIDATE_PRODUCT = YES;
			};
			name = Release;
		};
		392328BC1D1A760C00822D53 /* Debug */ = {
			isa = XCBuildConfiguration;
			buildSettings = {
				ASSETCATALOG_COMPILER_APPICON_NAME = AppIcon;
				CLANG_ENABLE_MODULES = YES;
				CODE_SIGN_IDENTITY = "iPhone Developer";
				"CODE_SIGN_IDENTITY[sdk=iphoneos*]" = "iPhone Developer";
				FRAMEWORK_SEARCH_PATHS = (
					"$(inherited)",
					"$(PROJECT_DIR)",
				);
				INFOPLIST_FILE = GroupTall/Info.plist;
				LD_RUNPATH_SEARCH_PATHS = "$(inherited) @executable_path/Frameworks";
				LIBRARY_SEARCH_PATHS = (
					"$(inherited)",
					"$(PROJECT_DIR)",
				);
				PRODUCT_BUNDLE_IDENTIFIER = IMUDGES.GroupTall;
				PRODUCT_NAME = "$(TARGET_NAME)";
				PROVISIONING_PROFILE = "";
				SWIFT_OBJC_BRIDGING_HEADER = "GroupTall/GroupTall-Bridging-Header.h";
				SWIFT_OPTIMIZATION_LEVEL = "-Onone";
			};
			name = Debug;
		};
		392328BD1D1A760C00822D53 /* Release */ = {
			isa = XCBuildConfiguration;
			buildSettings = {
				ASSETCATALOG_COMPILER_APPICON_NAME = AppIcon;
				CLANG_ENABLE_MODULES = YES;
				CODE_SIGN_IDENTITY = "iPhone Developer";
				"CODE_SIGN_IDENTITY[sdk=iphoneos*]" = "iPhone Developer";
				FRAMEWORK_SEARCH_PATHS = (
					"$(inherited)",
					"$(PROJECT_DIR)",
				);
				INFOPLIST_FILE = GroupTall/Info.plist;
				LD_RUNPATH_SEARCH_PATHS = "$(inherited) @executable_path/Frameworks";
				LIBRARY_SEARCH_PATHS = (
					"$(inherited)",
					"$(PROJECT_DIR)",
				);
				PRODUCT_BUNDLE_IDENTIFIER = IMUDGES.GroupTall;
				PRODUCT_NAME = "$(TARGET_NAME)";
				PROVISIONING_PROFILE = "";
				SWIFT_OBJC_BRIDGING_HEADER = "GroupTall/GroupTall-Bridging-Header.h";
			};
			name = Release;
		};
		392328BF1D1A760C00822D53 /* Debug */ = {
			isa = XCBuildConfiguration;
			buildSettings = {
				BUNDLE_LOADER = "$(TEST_HOST)";
				INFOPLIST_FILE = GroupTallTests/Info.plist;
				LD_RUNPATH_SEARCH_PATHS = "$(inherited) @executable_path/Frameworks @loader_path/Frameworks";
				PRODUCT_BUNDLE_IDENTIFIER = IMUDGES.GroupTallTests;
				PRODUCT_NAME = "$(TARGET_NAME)";
				TEST_HOST = "$(BUILT_PRODUCTS_DIR)/GroupTall.app/GroupTall";
			};
			name = Debug;
		};
		392328C01D1A760C00822D53 /* Release */ = {
			isa = XCBuildConfiguration;
			buildSettings = {
				BUNDLE_LOADER = "$(TEST_HOST)";
				INFOPLIST_FILE = GroupTallTests/Info.plist;
				LD_RUNPATH_SEARCH_PATHS = "$(inherited) @executable_path/Frameworks @loader_path/Frameworks";
				PRODUCT_BUNDLE_IDENTIFIER = IMUDGES.GroupTallTests;
				PRODUCT_NAME = "$(TARGET_NAME)";
				TEST_HOST = "$(BUILT_PRODUCTS_DIR)/GroupTall.app/GroupTall";
			};
			name = Release;
		};
		392328C21D1A760C00822D53 /* Debug */ = {
			isa = XCBuildConfiguration;
			buildSettings = {
				INFOPLIST_FILE = GroupTallUITests/Info.plist;
				LD_RUNPATH_SEARCH_PATHS = "$(inherited) @executable_path/Frameworks @loader_path/Frameworks";
				PRODUCT_BUNDLE_IDENTIFIER = IMUDGES.GroupTallUITests;
				PRODUCT_NAME = "$(TARGET_NAME)";
				TEST_TARGET_NAME = GroupTall;
			};
			name = Debug;
		};
		392328C31D1A760C00822D53 /* Release */ = {
			isa = XCBuildConfiguration;
			buildSettings = {
				INFOPLIST_FILE = GroupTallUITests/Info.plist;
				LD_RUNPATH_SEARCH_PATHS = "$(inherited) @executable_path/Frameworks @loader_path/Frameworks";
				PRODUCT_BUNDLE_IDENTIFIER = IMUDGES.GroupTallUITests;
				PRODUCT_NAME = "$(TARGET_NAME)";
				TEST_TARGET_NAME = GroupTall;
			};
			name = Release;
		};
/* End XCBuildConfiguration section */

/* Begin XCConfigurationList section */
		3923288E1D1A760C00822D53 /* Build configuration list for PBXProject "GroupTall" */ = {
			isa = XCConfigurationList;
			buildConfigurations = (
				392328B91D1A760C00822D53 /* Debug */,
				392328BA1D1A760C00822D53 /* Release */,
			);
			defaultConfigurationIsVisible = 0;
			defaultConfigurationName = Release;
		};
		392328BB1D1A760C00822D53 /* Build configuration list for PBXNativeTarget "GroupTall" */ = {
			isa = XCConfigurationList;
			buildConfigurations = (
				392328BC1D1A760C00822D53 /* Debug */,
				392328BD1D1A760C00822D53 /* Release */,
			);
			defaultConfigurationIsVisible = 0;
			defaultConfigurationName = Release;
		};
		392328BE1D1A760C00822D53 /* Build configuration list for PBXNativeTarget "GroupTallTests" */ = {
			isa = XCConfigurationList;
			buildConfigurations = (
				392328BF1D1A760C00822D53 /* Debug */,
				392328C01D1A760C00822D53 /* Release */,
			);
			defaultConfigurationIsVisible = 0;
			defaultConfigurationName = Release;
		};
		392328C11D1A760C00822D53 /* Build configuration list for PBXNativeTarget "GroupTallUITests" */ = {
			isa = XCConfigurationList;
			buildConfigurations = (
				392328C21D1A760C00822D53 /* Debug */,
				392328C31D1A760C00822D53 /* Release */,
			);
			defaultConfigurationIsVisible = 0;
			defaultConfigurationName = Release;
		};
/* End XCConfigurationList section */
	};
	rootObject = 3923288B1D1A760C00822D53 /* Project object */;
}
